
Microsoft Visual Studio Solution File, Format Version 12.00
Project("{FAE04EC0-301F-11D3-BF4B-00C04F79EFBC}") = "SportShop", "SportShop\SportShop.csproj", "{11609D7C-94EF-4226-867C-837ADCB1CA75}"
EndProject
Project("{9A19103F-16F7-4668-BE54-9A1E7A4F7556}") = "DawidUnitTests", "DawidUnitTests\DawidUnitTests.csproj", "{B7465B09-EE87-41E3-B07C-50AF7EB2E280}"
EndProject
Project("{9A19103F-16F7-4668-BE54-9A1E7A4F7556}") = "DominikUnitTests", "DominikUnitTests\DominikUnitTests.csproj", "{DDA2D7F8-487C-4FB1-92BD-6C77048F912C}"
EndProject
Project("{9A19103F-16F7-4668-BE54-9A1E7A4F7556}") = "DominikSeleniumTests", "DominikSeleniumTests\DominikSeleniumTests.csproj", "{8726D47E-5CEC-427D-8CBC-E429F0170E61}"
EndProject
Project("{9A19103F-16F7-4668-BE54-9A1E7A4F7556}") = "SzymonUnitTests", "SzymonUnitTests\SzymonUnitTests.csproj", "{B79DB1D9-67AD-469B-98DA-EA6B11316D0A}"
EndProject
Project("{FAE04EC0-301F-11D3-BF4B-00C04F79EFBC}") = "SzymonSeleniumTests", "SzymonSeleniumTests\SzymonSeleniumTests.csproj", "{AE159B00-E563-42C9-BFA3-93E4F368C971}"
EndProject
Project("{FAE04EC0-301F-11D3-BF4B-00C04F79EFBC}") = "DawidSeleniumTests", "DawidSeleniumTests\DawidSeleniumTests.csproj", "{F049264A-0D0C-485A-BDA7-893B207EA144}"
EndProject
Global
	GlobalSection(SolutionConfigurationPlatforms) = preSolution
		Debug|Any CPU = Debug|Any CPU
		Release|Any CPU = Release|Any CPU
	EndGlobalSection
	GlobalSection(ProjectConfigurationPlatforms) = postSolution
		{11609D7C-94EF-4226-867C-837ADCB1CA75}.Debug|Any CPU.ActiveCfg = Debug|Any CPU
		{11609D7C-94EF-4226-867C-837ADCB1CA75}.Debug|Any CPU.Build.0 = Debug|Any CPU
		{11609D7C-94EF-4226-867C-837ADCB1CA75}.Release|Any CPU.ActiveCfg = Release|Any CPU
		{11609D7C-94EF-4226-867C-837ADCB1CA75}.Release|Any CPU.Build.0 = Release|Any CPU
		{B7465B09-EE87-41E3-B07C-50AF7EB2E280}.Debug|Any CPU.ActiveCfg = Debug|Any CPU
		{B7465B09-EE87-41E3-B07C-50AF7EB2E280}.Debug|Any CPU.Build.0 = Debug|Any CPU
		{B7465B09-EE87-41E3-B07C-50AF7EB2E280}.Release|Any CPU.ActiveCfg = Release|Any CPU
		{B7465B09-EE87-41E3-B07C-50AF7EB2E280}.Release|Any CPU.Build.0 = Release|Any CPU
		{DDA2D7F8-487C-4FB1-92BD-6C77048F912C}.Debug|Any CPU.ActiveCfg = Debug|Any CPU
		{DDA2D7F8-487C-4FB1-92BD-6C77048F912C}.Debug|Any CPU.Build.0 = Debug|Any CPU
		{8726D47E-5CEC-427D-8CBC-E429F0170E61}.Debug|Any CPU.ActiveCfg = Debug|Any CPU
		{8726D47E-5CEC-427D-8CBC-E429F0170E61}.Debug|Any CPU.Build.0 = Debug|Any CPU
		{DDA2D7F8-487C-4FB1-92BD-6C77048F912C}.Release|Any CPU.ActiveCfg = Release|Any CPU
		{DDA2D7F8-487C-4FB1-92BD-6C77048F912C}.Release|Any CPU.Build.0 = Release|Any CPU
		{B79DB1D9-67AD-469B-98DA-EA6B11316D0A}.Debug|Any CPU.ActiveCfg = Debug|Any CPU
		{B79DB1D9-67AD-469B-98DA-EA6B11316D0A}.Debug|Any CPU.Build.0 = Debug|Any CPU
		{B79DB1D9-67AD-469B-98DA-EA6B11316D0A}.Release|Any CPU.ActiveCfg = Release|Any CPU
		{B79DB1D9-67AD-469B-98DA-EA6B11316D0A}.Release|Any CPU.Build.0 = Release|Any CPU
		{F049264A-0D0C-485A-BDA7-893B207EA144}.Debug|Any CPU.ActiveCfg = Debug|Any CPU
		{F049264A-0D0C-485A-BDA7-893B207EA144}.Debug|Any CPU.Build.0 = Debug|Any CPU
		{AE159B00-E563-42C9-BFA3-93E4F368C971}.Debug|Any CPU.ActiveCfg = Debug|Any CPU
		{AE159B00-E563-42C9-BFA3-93E4F368C971}.Debug|Any CPU.Build.0 = Debug|Any CPU
	EndGlobalSection
	GlobalSection(SolutionProperties) = preSolution
		HideSolutionNode = FALSE
	EndGlobalSection
	GlobalSection(ExtensibilityGlobals) = postSolution
		SolutionGuid = {D2AACCEE-6DD5-4174-80F5-B16AAA24D4EB}
	EndGlobalSection
EndGlobal
