
Microsoft Visual Studio Solution File, Format Version 12.00
Project("{FAE04EC0-301F-11D3-BF4B-00C04F79EFBC}") = "SportShop", "SportShop\SportShop.csproj", "{11609D7C-94EF-4226-867C-837ADCB1CA75}"
EndProject
Project("{FAE04EC0-301F-11D3-BF4B-00C04F79EFBC}") = "DominikUnitTests", "DominikUnitTests\DominikUnitTests.csproj", "{DDA2D7F8-487C-4FB1-92BD-6C77048F912C}"
EndProject
Project("{FAE04EC0-301F-11D3-BF4B-00C04F79EFBC}") = "SeleniumTests", "SeleniumTests\SeleniumTests.csproj", "{8726D47E-5CEC-427D-8CBC-E429F0170E61}"
EndProject
Global
	GlobalSection(SolutionConfigurationPlatforms) = preSolution
		Debug|Any CPU = Debug|Any CPU
		Release|Any CPU = Release|Any CPU
	EndGlobalSection
	GlobalSection(ProjectConfigurationPlatforms) = postSolution
		{11609D7C-94EF-4226-867C-837ADCB1CA75}.Debug|Any CPU.ActiveCfg = Debug|Any CPU
		{11609D7C-94EF-4226-867C-837ADCB1CA75}.Debug|Any CPU.Build.0 = Debug|Any CPU
		{11609D7C-94EF-4226-867C-837ADCB1CA75}.Release|Any CPU.ActiveCfg = Release|Any CPU
		{11609D7C-94EF-4226-867C-837ADCB1CA75}.Release|Any CPU.Build.0 = Release|Any CPU
		{DDA2D7F8-487C-4FB1-92BD-6C77048F912C}.Debug|Any CPU.ActiveCfg = Debug|Any CPU
		{DDA2D7F8-487C-4FB1-92BD-6C77048F912C}.Debug|Any CPU.Build.0 = Debug|Any CPU
		{DDA2D7F8-487C-4FB1-92BD-6C77048F912C}.Release|Any CPU.ActiveCfg = Release|Any CPU
		{DDA2D7F8-487C-4FB1-92BD-6C77048F912C}.Release|Any CPU.Build.0 = Release|Any CPU
		{8726D47E-5CEC-427D-8CBC-E429F0170E61}.Debug|Any CPU.ActiveCfg = Debug|Any CPU
		{8726D47E-5CEC-427D-8CBC-E429F0170E61}.Debug|Any CPU.Build.0 = Debug|Any CPU
		{8726D47E-5CEC-427D-8CBC-E429F0170E61}.Release|Any CPU.ActiveCfg = Release|Any CPU
		{8726D47E-5CEC-427D-8CBC-E429F0170E61}.Release|Any CPU.Build.0 = Release|Any CPU
	EndGlobalSection
EndGlobal
